PODS:
  - SwiftMessages (9.0.6):
    - SwiftMessages/App (= 9.0.6)
  - SwiftMessages/App (9.0.6)

DEPENDENCIES:
  - SwiftMessages

SPEC REPOS:
  trunk:
    - SwiftMessages

SPEC CHECKSUMS:
  SwiftMessages: f0c7ef4705a570ad6c5e208b611f4333e660ed92

PODFILE CHECKSUM: 2cd3c38169e078796e6808f962a8c7dbb742a8d4

COCOAPODS: 1.11.3
